
Microsoft Visual Studio Solution File, Format Version 12.00
# Visual Studio 15
VisualStudioVersion = 15.0.27703.2026
MinimumVisualStudioVersion = 10.0.40219.1
Project("{FAE04EC0-301F-11D3-BF4B-00C04F79EFBC}") = "webApi", "webApi\webApi.csproj", "{B854408D-D718-4A83-A595-31CA1F9BEA79}"
EndProject
Global
	GlobalSection(SolutionConfigurationPlatforms) = preSolution
		Debug|Any CPU = Debug|Any CPU
		Release|Any CPU = Release|Any CPU
	EndGlobalSection
	GlobalSection(ProjectConfigurationPlatforms) = postSolution
		{B854408D-D718-4A83-A595-31CA1F9BEA79}.Debug|Any CPU.ActiveCfg = Debug|Any CPU
		{B854408D-D718-4A83-A595-31CA1F9BEA79}.Debug|Any CPU.Build.0 = Debug|Any CPU
		{B854408D-D718-4A83-A595-31CA1F9BEA79}.Release|Any CPU.ActiveCfg = Release|Any CPU
		{B854408D-D718-4A83-A595-31CA1F9BEA79}.Release|Any CPU.Build.0 = Release|Any CPU
	EndGlobalSection
	GlobalSection(SolutionProperties) = preSolution
		HideSolutionNode = FALSE
	EndGlobalSection
	GlobalSection(ExtensibilityGlobals) = postSolution
		SolutionGuid = {69C301EC-0BE0-45D9-A884-8B40483F302E}
	EndGlobalSection
EndGlobal
